// !$*UTF8*$!
{
	archiveVersion = 1;
	classes = {
	};
	objectVersion = 50;
	objects = {

/* Begin PBXBuildFile section */
		5382255E2664DA0900C8ECBE /* AppDelegate.swift in Sources */ = {isa = PBXBuildFile; fileRef = 5382255D2664DA0900C8ECBE /* AppDelegate.swift */; };
		538225602664DA0900C8ECBE /* SceneDelegate.swift in Sources */ = {isa = PBXBuildFile; fileRef = 5382255F2664DA0900C8ECBE /* SceneDelegate.swift */; };
		538225622664DA0900C8ECBE /* ViewController.swift in Sources */ = {isa = PBXBuildFile; fileRef = 538225612664DA0900C8ECBE /* ViewController.swift */; };
		538225652664DA0900C8ECBE /* Main.storyboard in Resources */ = {isa = PBXBuildFile; fileRef = 538225632664DA0900C8ECBE /* Main.storyboard */; };
		538225672664DA0B00C8ECBE /* Assets.xcassets in Resources */ = {isa = PBXBuildFile; fileRef = 538225662664DA0B00C8ECBE /* Assets.xcassets */; };
		5382256A2664DA0B00C8ECBE /* LaunchScreen.storyboard in Resources */ = {isa = PBXBuildFile; fileRef = 538225682664DA0B00C8ECBE /* LaunchScreen.storyboard */; };
		538225732664DB7D00C8ECBE /* CryptoTableViewCell.swift in Sources */ = {isa = PBXBuildFile; fileRef = 538225722664DB7D00C8ECBE /* CryptoTableViewCell.swift */; };
		5382257A2664DE9E00C8ECBE /* CryptoCurrency.swift in Sources */ = {isa = PBXBuildFile; fileRef = 538225792664DE9E00C8ECBE /* CryptoCurrency.swift */; };
		5382257E2664DF9400C8ECBE /* Webservice.swift in Sources */ = {isa = PBXBuildFile; fileRef = 5382257D2664DF9400C8ECBE /* Webservice.swift */; };
		538225822664E63300C8ECBE /* CryptoViewModel.swift in Sources */ = {isa = PBXBuildFile; fileRef = 538225812664E63300C8ECBE /* CryptoViewModel.swift */; };
/* End PBXBuildFile section */

/* Begin PBXFileReference section */
		5382255A2664DA0900C8ECBE /* CryptoCrazy.app */ = {isa = PBXFileReference; explicitFileType = wrapper.application; includeInIndex = 0; path = CryptoCrazy.app; sourceTree = BUILT_PRODUCTS_DIR; };
		5382255D2664DA0900C8ECBE /* AppDelegate.swift */ = {isa = PBXFileReference; lastKnownFileType = sourcecode.swift; path = AppDelegate.swift; sourceTree = "<group>"; };
		5382255F2664DA0900C8ECBE /* SceneDelegate.swift */ = {isa = PBXFileReference; lastKnownFileType = sourcecode.swift; path = SceneDelegate.swift; sourceTree = "<group>"; };
		538225612664DA0900C8ECBE /* ViewController.swift */ = {isa = PBXFileReference; lastKnownFileType = sourcecode.swift; path = ViewController.swift; sourceTree = "<group>"; };
		538225642664DA0900C8ECBE /* Base */ = {isa = PBXFileReference; lastKnownFileType = file.storyboard; name = Base; path = Base.lproj/Main.storyboard; sourceTree = "<group>"; };
		538225662664DA0B00C8ECBE /* Assets.xcassets */ = {isa = PBXFileReference; lastKnownFileType = folder.assetcatalog; path = Assets.xcassets; sourceTree = "<group>"; };
		538225692664DA0B00C8ECBE /* Base */ = {isa = PBXFileReference; lastKnownFileType = file.storyboard; name = Base; path = Base.lproj/LaunchScreen.storyboard; sourceTree = "<group>"; };
		5382256B2664DA0B00C8ECBE /* Info.plist */ = {isa = PBXFileReference; lastKnownFileType = text.plist.xml; path = Info.plist; sourceTree = "<group>"; };
		538225722664DB7D00C8ECBE /* CryptoTableViewCell.swift */ = {isa = PBXFileReference; lastKnownFileType = sourcecode.swift; path = CryptoTableViewCell.swift; sourceTree = "<group>"; };
		538225792664DE9E00C8ECBE /* CryptoCurrency.swift */ = {isa = PBXFileReference; lastKnownFileType = sourcecode.swift; path = CryptoCurrency.swift; sourceTree = "<group>"; };
		5382257D2664DF9400C8ECBE /* Webservice.swift */ = {isa = PBXFileReference; lastKnownFileType = sourcecode.swift; path = Webservice.swift; sourceTree = "<group>"; };
		538225812664E63300C8ECBE /* CryptoViewModel.swift */ = {isa = PBXFileReference; lastKnownFileType = sourcecode.swift; path = CryptoViewModel.swift; sourceTree = "<group>"; };
/* End PBXFileReference section */

/* Begin PBXFrameworksBuildPhase section */
		538225572664DA0900C8ECBE /* Frameworks */ = {
			isa = PBXFrameworksBuildPhase;
			buildActionMask = 2147483647;
			files = (
			);
			runOnlyForDeploymentPostprocessing = 0;
		};
/* End PBXFrameworksBuildPhase section */

/* Begin PBXGroup section */
		538225512664DA0900C8ECBE = {
			isa = PBXGroup;
			children = (
				5382255C2664DA0900C8ECBE /* CryptoCrazy */,
				5382255B2664DA0900C8ECBE /* Products */,
			);
			sourceTree = "<group>";
		};
		5382255B2664DA0900C8ECBE /* Products */ = {
			isa = PBXGroup;
			children = (
				5382255A2664DA0900C8ECBE /* CryptoCrazy.app */,
			);
			name = Products;
			sourceTree = "<group>";
		};
		5382255C2664DA0900C8ECBE /* CryptoCrazy */ = {
			isa = PBXGroup;
			children = (
				538225782664DE6600C8ECBE /* Service */,
				538225772664DE6100C8ECBE /* View Model */,
				538225762664DE5500C8ECBE /* Model */,
				538225752664DE4F00C8ECBE /* View */,
				538225632664DA0900C8ECBE /* Main.storyboard */,
				538225662664DA0B00C8ECBE /* Assets.xcassets */,
				538225682664DA0B00C8ECBE /* LaunchScreen.storyboard */,
				5382256B2664DA0B00C8ECBE /* Info.plist */,
			);
			path = CryptoCrazy;
			sourceTree = "<group>";
		};
		538225752664DE4F00C8ECBE /* View */ = {
			isa = PBXGroup;
			children = (
				5382255D2664DA0900C8ECBE /* AppDelegate.swift */,
				5382255F2664DA0900C8ECBE /* SceneDelegate.swift */,
				538225612664DA0900C8ECBE /* ViewController.swift */,
				538225722664DB7D00C8ECBE /* CryptoTableViewCell.swift */,
			);
			path = View;
			sourceTree = "<group>";
		};
		538225762664DE5500C8ECBE /* Model */ = {
			isa = PBXGroup;
			children = (
				538225792664DE9E00C8ECBE /* CryptoCurrency.swift */,
			);
			path = Model;
			sourceTree = "<group>";
		};
		538225772664DE6100C8ECBE /* View Model */ = {
			isa = PBXGroup;
			children = (
				538225812664E63300C8ECBE /* CryptoViewModel.swift */,
			);
			path = "View Model";
			sourceTree = "<group>";
		};
		538225782664DE6600C8ECBE /* Service */ = {
			isa = PBXGroup;
			children = (
				5382257D2664DF9400C8ECBE /* Webservice.swift */,
			);
			path = Service;
			sourceTree = "<group>";
		};
/* End PBXGroup section */

/* Begin PBXNativeTarget section */
		538225592664DA0900C8ECBE /* CryptoCrazy */ = {
			isa = PBXNativeTarget;
			buildConfigurationList = 5382256E2664DA0B00C8ECBE /* Build configuration list for PBXNativeTarget "CryptoCrazy" */;
			buildPhases = (
				538225562664DA0900C8ECBE /* Sources */,
				538225572664DA0900C8ECBE /* Frameworks */,
				538225582664DA0900C8ECBE /* Resources */,
			);
			buildRules = (
			);
			dependencies = (
			);
			name = CryptoCrazy;
			productName = CryptoCrazy;
			productReference = 5382255A2664DA0900C8ECBE /* CryptoCrazy.app */;
			productType = "com.apple.product-type.application";
		};
/* End PBXNativeTarget section */

/* Begin PBXProject section */
		538225522664DA0900C8ECBE /* Project object */ = {
			isa = PBXProject;
			attributes = {
				LastSwiftUpdateCheck = 1240;
				LastUpgradeCheck = 1240;
				TargetAttributes = {
					538225592664DA0900C8ECBE = {
						CreatedOnToolsVersion = 12.4;
					};
				};
			};
			buildConfigurationList = 538225552664DA0900C8ECBE /* Build configuration list for PBXProject "CryptoCrazy" */;
			compatibilityVersion = "Xcode 9.3";
			developmentRegion = en;
			hasScannedForEncodings = 0;
			knownRegions = (
				en,
				Base,
			);
			mainGroup = 538225512664DA0900C8ECBE;
			productRefGroup = 5382255B2664DA0900C8ECBE /* Products */;
			projectDirPath = "";
			projectRoot = "";
			targets = (
				538225592664DA0900C8ECBE /* CryptoCrazy */,
			);
		};
/* End PBXProject section */

/* Begin PBXResourcesBuildPhase section */
		538225582664DA0900C8ECBE /* Resources */ = {
			isa = PBXResourcesBuildPhase;
			buildActionMask = 2147483647;
			files = (
				5382256A2664DA0B00C8ECBE /* LaunchScreen.storyboard in Resources */,
				538225672664DA0B00C8ECBE /* Assets.xcassets in Resources */,
				538225652664DA0900C8ECBE /* Main.storyboard in Resources */,
			);
			runOnlyForDeploymentPostprocessing = 0;
		};
/* End PBXResourcesBuildPhase section */

/* Begin PBXSourcesBuildPhase section */
		538225562664DA0900C8ECBE /* Sources */ = {
			isa = PBXSourcesBuildPhase;
			buildActionMask = 2147483647;
			files = (
				538225732664DB7D00C8ECBE /* CryptoTableViewCell.swift in Sources */,
				538225622664DA0900C8ECBE /* ViewController.swift in Sources */,
				5382257E2664DF9400C8ECBE /* Webservice.swift in Sources */,
				538225822664E63300C8ECBE /* CryptoViewModel.swift in Sources */,
				5382255E2664DA0900C8ECBE /* AppDelegate.swift in Sources */,
				5382257A2664DE9E00C8ECBE /* CryptoCurrency.swift in Sources */,
				538225602664DA0900C8ECBE /* SceneDelegate.swift in Sources */,
			);
			runOnlyForDeploymentPostprocessing = 0;
		};
/* End PBXSourcesBuildPhase section */

/* Begin PBXVariantGroup section */
		538225632664DA0900C8ECBE /* Main.storyboard */ = {
			isa = PBXVariantGroup;
			children = (
				538225642664DA0900C8ECBE /* Base */,
			);
			name = Main.storyboard;
			sourceTree = "<group>";
		};
		538225682664DA0B00C8ECBE /* LaunchScreen.storyboard */ = {
			isa = PBXVariantGroup;
			children = (
				538225692664DA0B00C8ECBE /* Base */,
			);
			name = LaunchScreen.storyboard;
			sourceTree = "<group>";
		};
/* End PBXVariantGroup section */

/* Begin XCBuildConfiguration section */
		5382256C2664DA0B00C8ECBE /* Debug */ = {
			isa = XCBuildConfiguration;
			buildSettings = {
				ALWAYS_SEARCH_USER_PATHS = NO;
				CLANG_ANALYZER_NONNULL = YES;
				CLANG_ANALYZER_NUMBER_OBJECT_CONVERSION = YES_AGGRESSIVE;
				CLANG_CXX_LANGUAGE_STANDARD = "gnu++14";
				CLANG_CXX_LIBRARY = "libc++";
				CLANG_ENABLE_MODULES = YES;
				CLANG_ENABLE_OBJC_ARC = YES;
				CLANG_ENABLE_OBJC_WEAK = YES;
				CLANG_WARN_BLOCK_CAPTURE_AUTORELEASING = YES;
				CLANG_WARN_BOOL_CONVERSION = YES;
				CLANG_WARN_COMMA = YES;
				CLANG_WARN_CONSTANT_CONVERSION = YES;
				CLANG_WARN_DEPRECATED_OBJC_IMPLEMENTATIONS = YES;
				CLANG_WARN_DIRECT_OBJC_ISA_USAGE = YES_ERROR;
				CLANG_WARN_DOCUMENTATION_COMMENTS = YES;
				CLANG_WARN_EMPTY_BODY = YES;
				CLANG_WARN_ENUM_CONVERSION = YES;
				CLANG_WARN_INFINITE_RECURSION = YES;
				CLANG_WARN_INT_CONVERSION = YES;
				CLANG_WARN_NON_LITERAL_NULL_CONVERSION = YES;
				CLANG_WARN_OBJC_IMPLICIT_RETAIN_SELF = YES;
				CLANG_WARN_OBJC_LITERAL_CONVERSION = YES;
				CLANG_WARN_OBJC_ROOT_CLASS = YES_ERROR;
				CLANG_WARN_QUOTED_INCLUDE_IN_FRAMEWORK_HEADER = YES;
				CLANG_WARN_RANGE_LOOP_ANALYSIS = YES;
				CLANG_WARN_STRICT_PROTOTYPES = YES;
				CLANG_WARN_SUSPICIOUS_MOVE = YES;
				CLANG_WARN_UNGUARDED_AVAILABILITY = YES_AGGRESSIVE;
				CLANG_WARN_UNREACHABLE_CODE = YES;
				CLANG_WARN__DUPLICATE_METHOD_MATCH = YES;
				COPY_PHASE_STRIP = NO;
				DEBUG_INFORMATION_FORMAT = dwarf;
				ENABLE_STRICT_OBJC_MSGSEND = YES;
				ENABLE_TESTABILITY = YES;
				GCC_C_LANGUAGE_STANDARD = gnu11;
				GCC_DYNAMIC_NO_PIC = NO;
				GCC_NO_COMMON_BLOCKS = YES;
				GCC_OPTIMIZATION_LEVEL = 0;
				GCC_PREPROCESSOR_DEFINITIONS = (
					"DEBUG=1",
					"$(inherited)",
				);
				GCC_WARN_64_TO_32_BIT_CONVERSION = YES;
				GCC_WARN_ABOUT_RETURN_TYPE = YES_ERROR;
				GCC_WARN_UNDECLARED_SELECTOR = YES;
				GCC_WARN_UNINITIALIZED_AUTOS = YES_AGGRESSIVE;
				GCC_WARN_UNUSED_FUNCTION = YES;
				GCC_WARN_UNUSED_VARIABLE = YES;
				IPHONEOS_DEPLOYMENT_TARGET = 14.4;
				MTL_ENABLE_DEBUG_INFO = INCLUDE_SOURCE;
				MTL_FAST_MATH = YES;
				ONLY_ACTIVE_ARCH = YES;
				SDKROOT = iphoneos;
				SWIFT_ACTIVE_COMPILATION_CONDITIONS = DEBUG;
				SWIFT_OPTIMIZATION_LEVEL = "-Onone";
			};
			name = Debug;
		};
		5382256D2664DA0B00C8ECBE /* Release */ = {
			isa = XCBuildConfiguration;
			buildSettings = {
				ALWAYS_SEARCH_USER_PATHS = NO;
				CLANG_ANALYZER_NONNULL = YES;
				CLANG_ANALYZER_NUMBER_OBJECT_CONVERSION = YES_AGGRESSIVE;
				CLANG_CXX_LANGUAGE_STANDARD = "gnu++14";
				CLANG_CXX_LIBRARY = "libc++";
				CLANG_ENABLE_MODULES = YES;
				CLANG_ENABLE_OBJC_ARC = YES;
				CLANG_ENABLE_OBJC_WEAK = YES;
				CLANG_WARN_BLOCK_CAPTURE_AUTORELEASING = YES;
				CLANG_WARN_BOOL_CONVERSION = YES;
				CLANG_WARN_COMMA = YES;
				CLANG_WARN_CONSTANT_CONVERSION = YES;
				CLANG_WARN_DEPRECATED_OBJC_IMPLEMENTATIONS = YES;
				CLANG_WARN_DIRECT_OBJC_ISA_USAGE = YES_ERROR;
				CLANG_WARN_DOCUMENTATION_COMMENTS = YES;
				CLANG_WARN_EMPTY_BODY = YES;
				CLANG_WARN_ENUM_CONVERSION = YES;
				CLANG_WARN_INFINITE_RECURSION = YES;
				CLANG_WARN_INT_CONVERSION = YES;
				CLANG_WARN_NON_LITERAL_NULL_CONVERSION = YES;
				CLANG_WARN_OBJC_IMPLICIT_RETAIN_SELF = YES;
				CLANG_WARN_OBJC_LITERAL_CONVERSION = YES;
				CLANG_WARN_OBJC_ROOT_CLASS = YES_ERROR;
				CLANG_WARN_QUOTED_INCLUDE_IN_FRAMEWORK_HEADER = YES;
				CLANG_WARN_RANGE_LOOP_ANALYSIS = YES;
				CLANG_WARN_STRICT_PROTOTYPES = YES;
				CLANG_WARN_SUSPICIOUS_MOVE = YES;
				CLANG_WARN_UNGUARDED_AVAILABILITY = YES_AGGRESSIVE;
				CLANG_WARN_UNREACHABLE_CODE = YES;
				CLANG_WARN__DUPLICATE_METHOD_MATCH = YES;
				COPY_PHASE_STRIP = NO;
				DEBUG_INFORMATION_FORMAT = "dwarf-with-dsym";
				ENABLE_NS_ASSERTIONS = NO;
				ENABLE_STRICT_OBJC_MSGSEND = YES;
				GCC_C_LANGUAGE_STANDARD = gnu11;
				GCC_NO_COMMON_BLOCKS = YES;
				GCC_WARN_64_TO_32_BIT_CONVERSION = YES;
				GCC_WARN_ABOUT_RETURN_TYPE = YES_ERROR;
				GCC_WARN_UNDECLARED_SELECTOR = YES;
				GCC_WARN_UNINITIALIZED_AUTOS = YES_AGGRESSIVE;
				GCC_WARN_UNUSED_FUNCTION = YES;
				GCC_WARN_UNUSED_VARIABLE = YES;
				IPHONEOS_DEPLOYMENT_TARGET = 14.4;
				MTL_ENABLE_DEBUG_INFO = NO;
				MTL_FAST_MATH = YES;
				SDKROOT = iphoneos;
				SWIFT_COMPILATION_MODE = wholemodule;
				SWIFT_OPTIMIZATION_LEVEL = "-O";
				VALIDATE_PRODUCT = YES;
			};
			name = Release;
		};
		5382256F2664DA0B00C8ECBE /* Debug */ = {
			isa = XCBuildConfiguration;
			buildSettings = {
				ASSETCATALOG_COMPILER_APPICON_NAME = AppIcon;
				ASSETCATALOG_COMPILER_GLOBAL_ACCENT_COLOR_NAME = AccentColor;
				CODE_SIGN_STYLE = Automatic;
				DEVELOPMENT_TEAM = UY6LYRU3HX;
				INFOPLIST_FILE = CryptoCrazy/Info.plist;
				LD_RUNPATH_SEARCH_PATHS = (
					"$(inherited)",
					"@executable_path/Frameworks",
				);
				PRODUCT_BUNDLE_IDENTIFIER = com.bahriyebegumultangungor.CryptoCrazy;
				PRODUCT_NAME = "$(TARGET_NAME)";
				SWIFT_VERSION = 5.0;
				TARGETED_DEVICE_FAMILY = "1,2";
			};
			name = Debug;
		};
		538225702664DA0B00C8ECBE /* Release */ = {
			isa = XCBuildConfiguration;
			buildSettings = {
				ASSETCATALOG_COMPILER_APPICON_NAME = AppIcon;
				ASSETCATALOG_COMPILER_GLOBAL_ACCENT_COLOR_NAME = AccentColor;
				CODE_SIGN_STYLE = Automatic;
				DEVELOPMENT_TEAM = UY6LYRU3HX;
				INFOPLIST_FILE = CryptoCrazy/Info.plist;
				LD_RUNPATH_SEARCH_PATHS = (
					"$(inherited)",
					"@executable_path/Frameworks",
				);
				PRODUCT_BUNDLE_IDENTIFIER = com.bahriyebegumultangungor.CryptoCrazy;
				PRODUCT_NAME = "$(TARGET_NAME)";
				SWIFT_VERSION = 5.0;
				TARGETED_DEVICE_FAMILY = "1,2";
			};
			name = Release;
		};
/* End XCBuildConfiguration section */

/* Begin XCConfigurationList section */
		538225552664DA0900C8ECBE /* Build configuration list for PBXProject "CryptoCrazy" */ = {
			isa = XCConfigurationList;
			buildConfigurations = (
				5382256C2664DA0B00C8ECBE /* Debug */,
				5382256D2664DA0B00C8ECBE /* Release */,
			);
			defaultConfigurationIsVisible = 0;
			defaultConfigurationName = Release;
		};
		5382256E2664DA0B00C8ECBE /* Build configuration list for PBXNativeTarget "CryptoCrazy" */ = {
			isa = XCConfigurationList;
			buildConfigurations = (
				5382256F2664DA0B00C8ECBE /* Debug */,
				538225702664DA0B00C8ECBE /* Release */,
			);
			defaultConfigurationIsVisible = 0;
			defaultConfigurationName = Release;
		};
/* End XCConfigurationList section */
	};
	rootObject = 538225522664DA0900C8ECBE /* Project object */;
}
